
Microsoft Visual Studio Solution File, Format Version 12.00
# Visual Studio Version 17
VisualStudioVersion = 17.3.32811.315
MinimumVisualStudioVersion = 10.0.40219.1
Project("{9A19103F-16F7-4668-BE54-9A1E7A4F7556}") = "BitcoinCash.Client", "BitcoinCashClient\BitcoinCash.Client.csproj", "{3C8F6D3F-072E-4D20-A6A9-19D760229EF8}"
EndProject
Project("{9A19103F-16F7-4668-BE54-9A1E7A4F7556}") = "SampleCode", "SampleCode\SampleCode.csproj", "{90F5FE09-1C23-4174-B41B-37A981FED872}"
EndProject
Project("{FAE04EC0-301F-11D3-BF4B-00C04F79EFBC}") = "BitcoinCash.API", "BitcoinCashAPI\BitcoinCash.API.csproj", "{20195F98-C8AF-435F-B37A-05FA760B99A6}"
EndProject
Project("{FAE04EC0-301F-11D3-BF4B-00C04F79EFBC}") = "BitcoinCash.Models", "BitcoinCashModels\BitcoinCash.Models.csproj", "{4DADFCF9-85CE-4114-837F-99F783004EA2}"
EndProject
Global
	GlobalSection(SolutionConfigurationPlatforms) = preSolution
		Debug|Any CPU = Debug|Any CPU
		Release|Any CPU = Release|Any CPU
	EndGlobalSection
	GlobalSection(ProjectConfigurationPlatforms) = postSolution
		{3C8F6D3F-072E-4D20-A6A9-19D760229EF8}.Debug|Any CPU.ActiveCfg = Debug|Any CPU
		{3C8F6D3F-072E-4D20-A6A9-19D760229EF8}.Debug|Any CPU.Build.0 = Debug|Any CPU
		{3C8F6D3F-072E-4D20-A6A9-19D760229EF8}.Release|Any CPU.ActiveCfg = Release|Any CPU
		{3C8F6D3F-072E-4D20-A6A9-19D760229EF8}.Release|Any CPU.Build.0 = Release|Any CPU
		{90F5FE09-1C23-4174-B41B-37A981FED872}.Debug|Any CPU.ActiveCfg = Debug|Any CPU
		{90F5FE09-1C23-4174-B41B-37A981FED872}.Debug|Any CPU.Build.0 = Debug|Any CPU
		{90F5FE09-1C23-4174-B41B-37A981FED872}.Release|Any CPU.ActiveCfg = Release|Any CPU
		{90F5FE09-1C23-4174-B41B-37A981FED872}.Release|Any CPU.Build.0 = Release|Any CPU
		{20195F98-C8AF-435F-B37A-05FA760B99A6}.Debug|Any CPU.ActiveCfg = Debug|Any CPU
		{20195F98-C8AF-435F-B37A-05FA760B99A6}.Debug|Any CPU.Build.0 = Debug|Any CPU
		{20195F98-C8AF-435F-B37A-05FA760B99A6}.Release|Any CPU.ActiveCfg = Release|Any CPU
		{20195F98-C8AF-435F-B37A-05FA760B99A6}.Release|Any CPU.Build.0 = Release|Any CPU
		{4DADFCF9-85CE-4114-837F-99F783004EA2}.Debug|Any CPU.ActiveCfg = Debug|Any CPU
		{4DADFCF9-85CE-4114-837F-99F783004EA2}.Debug|Any CPU.Build.0 = Debug|Any CPU
		{4DADFCF9-85CE-4114-837F-99F783004EA2}.Release|Any CPU.ActiveCfg = Release|Any CPU
		{4DADFCF9-85CE-4114-837F-99F783004EA2}.Release|Any CPU.Build.0 = Release|Any CPU
	EndGlobalSection
	GlobalSection(SolutionProperties) = preSolution
		HideSolutionNode = FALSE
	EndGlobalSection
	GlobalSection(ExtensibilityGlobals) = postSolution
		SolutionGuid = {39B4FEBF-C1BB-4EFB-AA9B-869B0D724E4D}
	EndGlobalSection
EndGlobal
